
Microsoft Visual Studio Solution File, Format Version 12.00
# Visual Studio 15
VisualStudioVersion = 15.0.28307.1259
MinimumVisualStudioVersion = 10.0.40219.1
Project("{FAE04EC0-301F-11D3-BF4B-00C04F79EFBC}") = "ViviannePurvis_TAG_TheErrorOfYourWays", "ViviannePurvis_TAG_TheErrorOfYourWays\ViviannePurvis_TAG_TheErrorOfYourWays.csproj", "{D838E46E-4F55-4AF3-A6CE-6C78437EFC2B}"
EndProject
Global
	GlobalSection(SolutionConfigurationPlatforms) = preSolution
		Debug|Any CPU = Debug|Any CPU
		Release|Any CPU = Release|Any CPU
	EndGlobalSection
	GlobalSection(ProjectConfigurationPlatforms) = postSolution
		{D838E46E-4F55-4AF3-A6CE-6C78437EFC2B}.Debug|Any CPU.ActiveCfg = Debug|Any CPU
		{D838E46E-4F55-4AF3-A6CE-6C78437EFC2B}.Debug|Any CPU.Build.0 = Debug|Any CPU
		{D838E46E-4F55-4AF3-A6CE-6C78437EFC2B}.Release|Any CPU.ActiveCfg = Release|Any CPU
		{D838E46E-4F55-4AF3-A6CE-6C78437EFC2B}.Release|Any CPU.Build.0 = Release|Any CPU
	EndGlobalSection
	GlobalSection(SolutionProperties) = preSolution
		HideSolutionNode = FALSE
	EndGlobalSection
	GlobalSection(ExtensibilityGlobals) = postSolution
		SolutionGuid = {D5F4ACEA-71B0-4666-A2BE-070F73E91886}
	EndGlobalSection
EndGlobal
